
Microsoft Visual Studio Solution File, Format Version 12.00
# Visual Studio Version 17
VisualStudioVersion = 17.3.32819.101
MinimumVisualStudioVersion = 10.0.40219.1
Project("{FAE04EC0-301F-11D3-BF4B-00C04F79EFBC}") = "CRUDMongoDBUsingWebAPI", "CRUDMongoDBUsingWebAPI\CRUDMongoDBUsingWebAPI.csproj", "{C71EF34D-3699-402D-98C0-0C3667CA2885}"
EndProject
Global
	GlobalSection(SolutionConfigurationPlatforms) = preSolution
		Debug|Any CPU = Debug|Any CPU
		Release|Any CPU = Release|Any CPU
	EndGlobalSection
	GlobalSection(ProjectConfigurationPlatforms) = postSolution
		{C71EF34D-3699-402D-98C0-0C3667CA2885}.Debug|Any CPU.ActiveCfg = Debug|Any CPU
		{C71EF34D-3699-402D-98C0-0C3667CA2885}.Debug|Any CPU.Build.0 = Debug|Any CPU
		{C71EF34D-3699-402D-98C0-0C3667CA2885}.Release|Any CPU.ActiveCfg = Release|Any CPU
		{C71EF34D-3699-402D-98C0-0C3667CA2885}.Release|Any CPU.Build.0 = Release|Any CPU
	EndGlobalSection
	GlobalSection(SolutionProperties) = preSolution
		HideSolutionNode = FALSE
	EndGlobalSection
	GlobalSection(ExtensibilityGlobals) = postSolution
		SolutionGuid = {6E34C779-34B9-4CA2-A02D-B67741027980}
	EndGlobalSection
EndGlobal
